
Microsoft Visual Studio Solution File, Format Version 12.00
# Visual Studio Version 17
VisualStudioVersion = 17.2.32630.192
MinimumVisualStudioVersion = 10.0.40219.1
Project("{FAE04EC0-301F-11D3-BF4B-00C04F79EFBC}") = "Un17", "Un17\Un17.csproj", "{B272E005-342A-4CDD-B945-E11D56AC6A37}"
EndProject
Global
	GlobalSection(SolutionConfigurationPlatforms) = preSolution
		Debug|Any CPU = Debug|Any CPU
		Release|Any CPU = Release|Any CPU
	EndGlobalSection
	GlobalSection(ProjectConfigurationPlatforms) = postSolution
		{B272E005-342A-4CDD-B945-E11D56AC6A37}.Debug|Any CPU.ActiveCfg = Debug|Any CPU
		{B272E005-342A-4CDD-B945-E11D56AC6A37}.Debug|Any CPU.Build.0 = Debug|Any CPU
		{B272E005-342A-4CDD-B945-E11D56AC6A37}.Release|Any CPU.ActiveCfg = Release|Any CPU
		{B272E005-342A-4CDD-B945-E11D56AC6A37}.Release|Any CPU.Build.0 = Release|Any CPU
	EndGlobalSection
	GlobalSection(SolutionProperties) = preSolution
		HideSolutionNode = FALSE
	EndGlobalSection
	GlobalSection(ExtensibilityGlobals) = postSolution
		SolutionGuid = {43B53954-6A04-47D6-936F-CB19833D46FE}
	EndGlobalSection
EndGlobal
